# This file is automatically generated by cargo-component.
# It is not intended for manual editing.
version = 1

[[package]]
name = "chikoski:wit-example"

[[package.version]]
requirement = "^0.1.0"
version = "0.1.0"
digest = "sha256:f6577533ca84a43b3998a0fd677b3819b51cb8d2baf8140468d0d9dc6eaaf09c"
